{
  "name": "HomeWork2",
  "lockfileVersion": 3,
  "requires": true,
  "packages": {
    "": {
      "dependencies": {
        "my_passwords_generator": "^1.0.0"
      }
    },
    "node_modules/my_passwords_generator": {
      "version": "1.0.0",
      "resolved": "https://registry.npmjs.org/my_passwords_generator/-/my_passwords_generator-1.0.0.tgz",
      "integrity": "sha512-l5Eb5PPQoDrXM1COWCOi4+dM5D/R7vTkBFfqZkM4XP4rZEScQ3P3vjBfRwiDoqnvUyWqUZS0lvTviH3yurE83Q==",
      "dependencies": {
        "user": "^0.0.0"
      }
    },
    "node_modules/user": {
      "version": "0.0.0",
      "resolved": "https://registry.npmjs.org/user/-/user-0.0.0.tgz",
      "integrity": "sha512-eRNM5isOvr6aEFAGi1CqAkmLkYxW2NJ5ThhbD+6IJXYKM1mo7Gtxx4mQIveHz/5K3p/SVnlW9k17ETn+QAu8IQ=="
    }
  }
}
